
Microsoft Visual Studio Solution File, Format Version 12.00
# Visual Studio 14
VisualStudioVersion = 14.0.25420.1
MinimumVisualStudioVersion = 10.0.40219.1
Project("{FAE04EC0-301F-11D3-BF4B-00C04F79EFBC}") = "SnakeAndLadder", "SnakeAndLadder\SnakeAndLadder.csproj", "{0A95A3AD-0063-4297-8A3F-3FE8FCC9A104}"
EndProject
Project("{FAE04EC0-301F-11D3-BF4B-00C04F79EFBC}") = "BusinessLogic", "BusinessLogic\BusinessLogic.csproj", "{A60B4FDF-451E-4F84-9323-3CAF02A04395}"
EndProject
Project("{FAE04EC0-301F-11D3-BF4B-00C04F79EFBC}") = "UnitTests", "UnitTests\UnitTests.csproj", "{28E683EE-C05F-4E38-AF92-954741EE97BC}"
EndProject
Global
	GlobalSection(SolutionConfigurationPlatforms) = preSolution
		Debug|Any CPU = Debug|Any CPU
		Release|Any CPU = Release|Any CPU
	EndGlobalSection
	GlobalSection(ProjectConfigurationPlatforms) = postSolution
		{0A95A3AD-0063-4297-8A3F-3FE8FCC9A104}.Debug|Any CPU.ActiveCfg = Debug|Any CPU
		{0A95A3AD-0063-4297-8A3F-3FE8FCC9A104}.Debug|Any CPU.Build.0 = Debug|Any CPU
		{0A95A3AD-0063-4297-8A3F-3FE8FCC9A104}.Release|Any CPU.ActiveCfg = Release|Any CPU
		{0A95A3AD-0063-4297-8A3F-3FE8FCC9A104}.Release|Any CPU.Build.0 = Release|Any CPU
		{A60B4FDF-451E-4F84-9323-3CAF02A04395}.Debug|Any CPU.ActiveCfg = Debug|Any CPU
		{A60B4FDF-451E-4F84-9323-3CAF02A04395}.Debug|Any CPU.Build.0 = Debug|Any CPU
		{A60B4FDF-451E-4F84-9323-3CAF02A04395}.Release|Any CPU.ActiveCfg = Release|Any CPU
		{A60B4FDF-451E-4F84-9323-3CAF02A04395}.Release|Any CPU.Build.0 = Release|Any CPU
		{28E683EE-C05F-4E38-AF92-954741EE97BC}.Debug|Any CPU.ActiveCfg = Debug|Any CPU
		{28E683EE-C05F-4E38-AF92-954741EE97BC}.Debug|Any CPU.Build.0 = Debug|Any CPU
		{28E683EE-C05F-4E38-AF92-954741EE97BC}.Release|Any CPU.ActiveCfg = Release|Any CPU
		{28E683EE-C05F-4E38-AF92-954741EE97BC}.Release|Any CPU.Build.0 = Release|Any CPU
	EndGlobalSection
	GlobalSection(SolutionProperties) = preSolution
		HideSolutionNode = FALSE
	EndGlobalSection
EndGlobal
